
Microsoft Visual Studio Solution File, Format Version 12.00
# Visual Studio Version 16
VisualStudioVersion = 16.0.30413.136
MinimumVisualStudioVersion = 10.0.40219.1
Project("{FAE04EC0-301F-11D3-BF4B-00C04F79EFBC}") = "Leave-Management", "Leave-Management\Leave-Management.csproj", "{AD7F8C2F-11A8-403E-9568-D87EF3B29CC8}"
EndProject
Global
	GlobalSection(SolutionConfigurationPlatforms) = preSolution
		Debug|Any CPU = Debug|Any CPU
		Release|Any CPU = Release|Any CPU
	EndGlobalSection
	GlobalSection(ProjectConfigurationPlatforms) = postSolution
		{AD7F8C2F-11A8-403E-9568-D87EF3B29CC8}.Debug|Any CPU.ActiveCfg = Debug|Any CPU
		{AD7F8C2F-11A8-403E-9568-D87EF3B29CC8}.Debug|Any CPU.Build.0 = Debug|Any CPU
		{AD7F8C2F-11A8-403E-9568-D87EF3B29CC8}.Release|Any CPU.ActiveCfg = Release|Any CPU
		{AD7F8C2F-11A8-403E-9568-D87EF3B29CC8}.Release|Any CPU.Build.0 = Release|Any CPU
	EndGlobalSection
	GlobalSection(SolutionProperties) = preSolution
		HideSolutionNode = FALSE
	EndGlobalSection
	GlobalSection(ExtensibilityGlobals) = postSolution
		SolutionGuid = {3E2520C1-92FC-48B6-B17A-0340E115FE03}
	EndGlobalSection
EndGlobal
